
Microsoft Visual Studio Solution File, Format Version 12.00
# Visual Studio Version 16
VisualStudioVersion = 16.0.33927.289
MinimumVisualStudioVersion = 10.0.40219.1
Project("{2150E333-8FDC-42A3-9474-1A3956D46DE8}") = "Task0", "Task0", "{3089A7C0-1386-45C8-969B-F17BC65ECC42}"
EndProject
Project("{FAE04EC0-301F-11D3-BF4B-00C04F79EFBC}") = "Tyuiu.IvashkinaKE.Sprint3.Task0.V25", "Tyuiu.IvashkinaKE.Sprint3.Task0.V25\Tyuiu.IvashkinaKE.Sprint3.Task0.V25.csproj", "{12C96F3F-E53F-458C-9AB0-ADE2D89CBDF4}"
EndProject
Project("{FAE04EC0-301F-11D3-BF4B-00C04F79EFBC}") = "Tyuiu.IvashkinaKE.Sprint3.Task0.V25.Lib", "Tyuiu.IvashkinaKE.Sprint3.Task0.V25.Lib\Tyuiu.IvashkinaKE.Sprint3.Task0.V25.Lib.csproj", "{17C1FD56-E654-41F1-B6A0-9AB4FD9AAB7C}"
EndProject
Project("{FAE04EC0-301F-11D3-BF4B-00C04F79EFBC}") = "Tyuiu.IvashkinaKE.Sprint3.Task0.V25.Test", "Tyuiu.IvashkinaKE.Sprint3.Task0.V25.Test\Tyuiu.IvashkinaKE.Sprint3.Task0.V25.Test.csproj", "{A830A48D-DF66-4307-8E14-B1373FFE3E41}"
EndProject
Project("{2150E333-8FDC-42A3-9474-1A3956D46DE8}") = "Task1", "Task1", "{55569515-09CF-43A5-857C-C56B1D4F87B9}"
EndProject
Project("{FAE04EC0-301F-11D3-BF4B-00C04F79EFBC}") = "Tyuiu.IvashkinaKE.Sprint3.Task1.V27", "Tyuiu.IvashkinaKE.Sprint3.Task1.V27\Tyuiu.IvashkinaKE.Sprint3.Task1.V27.csproj", "{57513367-58A1-4ED0-884C-6CB662D1A040}"
EndProject
Project("{FAE04EC0-301F-11D3-BF4B-00C04F79EFBC}") = "Tyuiu.IvashkinaKE.Sprint3.Task1.V27.Lib", "Tyuiu.IvashkinaKE.Sprint3.Task1.V27.Lib\Tyuiu.IvashkinaKE.Sprint3.Task1.V27.Lib.csproj", "{F9BFEADA-632C-4258-9408-B04B4EAC7933}"
EndProject
Project("{FAE04EC0-301F-11D3-BF4B-00C04F79EFBC}") = "Tyuiu.IvashkinaKE.Sprint3.Task1.V27.Test", "Tyuiu.IvashkinaKE.Sprint3.Task1.V27.Test\Tyuiu.IvashkinaKE.Sprint3.Task1.V27.Test.csproj", "{6A632B50-B514-4933-AC68-DC87011B6B83}"
EndProject
Project("{2150E333-8FDC-42A3-9474-1A3956D46DE8}") = "Task2", "Task2", "{0F9FDA61-A210-4CDA-B8AC-446CF4EE3A9D}"
EndProject
Project("{FAE04EC0-301F-11D3-BF4B-00C04F79EFBC}") = "Tyuiu.IvashkinaKE.Sprint3.Task2.V21", "Tyuiu.IvashkinaKE.Sprint3.Task2.V21\Tyuiu.IvashkinaKE.Sprint3.Task2.V21.csproj", "{664E8B25-3D51-4FB1-9898-19457B900792}"
EndProject
Project("{FAE04EC0-301F-11D3-BF4B-00C04F79EFBC}") = "Tyuiu.IvashkinaKE.Sprint3.Task2.V21.Lib", "Tyuiu.IvashkinaKE.Sprint3.Task2.V21.Lib\Tyuiu.IvashkinaKE.Sprint3.Task2.V21.Lib.csproj", "{DCE93274-B771-41C9-B65B-0098FCC0DD4D}"
EndProject
Project("{FAE04EC0-301F-11D3-BF4B-00C04F79EFBC}") = "Tyuiu.IvashkinaKE.Sprint3.Task2.V21.Test", "Tyuiu.IvashkinaKE.Sprint3.Task2.V21.Test\Tyuiu.IvashkinaKE.Sprint3.Task2.V21.Test.csproj", "{D133DC08-E8DE-4989-AAFF-0ABC03252F1D}"
EndProject
Project("{2150E333-8FDC-42A3-9474-1A3956D46DE8}") = "Task3", "Task3", "{3B006B2B-59CC-43C4-B760-9529C091EB3A}"
EndProject
Project("{FAE04EC0-301F-11D3-BF4B-00C04F79EFBC}") = "Tyuiu.IvashkinaKE.Sprint3.Task3.V13", "Tyuiu.IvashkinaKE.Sprint3.Task3.V13\Tyuiu.IvashkinaKE.Sprint3.Task3.V13.csproj", "{5DEAD37F-57B7-41B3-B2E3-11A01351D6BD}"
EndProject
Project("{FAE04EC0-301F-11D3-BF4B-00C04F79EFBC}") = "Tyuiu.IvashkinaKE.Sprint3.Task3.V13.Lib", "Tyuiu.IvashkinaKE.Sprint3.Task3.V13.Lib\Tyuiu.IvashkinaKE.Sprint3.Task3.V13.Lib.csproj", "{3A4C507E-9234-4EA4-9B98-1A742E5C5149}"
EndProject
Project("{FAE04EC0-301F-11D3-BF4B-00C04F79EFBC}") = "Tyuiu.IvashkinaKE.Sprint3.Task3.V13.Test", "Tyuiu.IvashkinaKE.Sprint3.Task3.V13.Test\Tyuiu.IvashkinaKE.Sprint3.Task3.V13.Test.csproj", "{00F51209-F410-44BC-B46F-188F31231957}"
EndProject
Project("{2150E333-8FDC-42A3-9474-1A3956D46DE8}") = "Task4", "Task4", "{1A824063-395E-4C13-93A7-4B7185E9ADD0}"
EndProject
Project("{FAE04EC0-301F-11D3-BF4B-00C04F79EFBC}") = "Tyuiu.IvashkinaKE.Sprint3.Task4.V5", "Tyuiu.IvashkinaKE.Sprint3.Task4.V5\Tyuiu.IvashkinaKE.Sprint3.Task4.V5.csproj", "{D6DDFAA8-9C89-4F66-8869-828123C80D3D}"
EndProject
Project("{FAE04EC0-301F-11D3-BF4B-00C04F79EFBC}") = "Tyuiu.IvashkinaKE.Sprint3.Task4.V5.Lib", "Tyuiu.IvashkinaKE.Sprint3.Task4.V5.Lib\Tyuiu.IvashkinaKE.Sprint3.Task4.V5.Lib.csproj", "{42252213-AFD4-45D4-AE66-0F2DE74AB647}"
EndProject
Project("{FAE04EC0-301F-11D3-BF4B-00C04F79EFBC}") = "Tyuiu.IvashkinaKE.Sprint3.Task4.V5.Test", "Tyuiu.IvashkinaKE.Sprint3.Task4.V5.Test\Tyuiu.IvashkinaKE.Sprint3.Task4.V5.Test.csproj", "{01EBF725-63FD-4D7A-A2CF-173A3F84D90E}"
EndProject
Project("{2150E333-8FDC-42A3-9474-1A3956D46DE8}") = "Task5", "Task5", "{2FF62FFD-0C8F-49F8-9FBE-2F20259CFC7B}"
EndProject
Project("{FAE04EC0-301F-11D3-BF4B-00C04F79EFBC}") = "Tyuiu.IvashkinaKE.Sprint3.Task5.V28", "Tyuiu.IvashkinaKE.Sprint3.Task5.V28\Tyuiu.IvashkinaKE.Sprint3.Task5.V28.csproj", "{F94482EF-DA1F-48BF-954D-D7DF1DC39547}"
EndProject
Project("{FAE04EC0-301F-11D3-BF4B-00C04F79EFBC}") = "Tyuiu.IvashkinaKE.Sprint3.Task5.V28.Lib", "Tyuiu.IvashkinaKE.Sprint3.Task5.V28.Lib\Tyuiu.IvashkinaKE.Sprint3.Task5.V28.Lib.csproj", "{39D8CF5E-1B45-497B-B002-B76564113D9D}"
EndProject
Project("{FAE04EC0-301F-11D3-BF4B-00C04F79EFBC}") = "Tyuiu.IvashkinaKE.Sprint3.Task5.V28.Test", "Tyuiu.IvashkinaKE.Sprint3.Task5.V28.Test\Tyuiu.IvashkinaKE.Sprint3.Task5.V28.Test.csproj", "{62D6F870-88E4-490C-855D-A8F9129EEB87}"
EndProject
Global
	GlobalSection(SolutionConfigurationPlatforms) = preSolution
		Debug|Any CPU = Debug|Any CPU
		Release|Any CPU = Release|Any CPU
	EndGlobalSection
	GlobalSection(ProjectConfigurationPlatforms) = postSolution
		{12C96F3F-E53F-458C-9AB0-ADE2D89CBDF4}.Debug|Any CPU.ActiveCfg = Debug|Any CPU
		{12C96F3F-E53F-458C-9AB0-ADE2D89CBDF4}.Debug|Any CPU.Build.0 = Debug|Any CPU
		{12C96F3F-E53F-458C-9AB0-ADE2D89CBDF4}.Release|Any CPU.ActiveCfg = Release|Any CPU
		{12C96F3F-E53F-458C-9AB0-ADE2D89CBDF4}.Release|Any CPU.Build.0 = Release|Any CPU
		{17C1FD56-E654-41F1-B6A0-9AB4FD9AAB7C}.Debug|Any CPU.ActiveCfg = Debug|Any CPU
		{17C1FD56-E654-41F1-B6A0-9AB4FD9AAB7C}.Debug|Any CPU.Build.0 = Debug|Any CPU
		{17C1FD56-E654-41F1-B6A0-9AB4FD9AAB7C}.Release|Any CPU.ActiveCfg = Release|Any CPU
		{17C1FD56-E654-41F1-B6A0-9AB4FD9AAB7C}.Release|Any CPU.Build.0 = Release|Any CPU
		{A830A48D-DF66-4307-8E14-B1373FFE3E41}.Debug|Any CPU.ActiveCfg = Debug|Any CPU
		{A830A48D-DF66-4307-8E14-B1373FFE3E41}.Debug|Any CPU.Build.0 = Debug|Any CPU
		{A830A48D-DF66-4307-8E14-B1373FFE3E41}.Release|Any CPU.ActiveCfg = Release|Any CPU
		{A830A48D-DF66-4307-8E14-B1373FFE3E41}.Release|Any CPU.Build.0 = Release|Any CPU
		{57513367-58A1-4ED0-884C-6CB662D1A040}.Debug|Any CPU.ActiveCfg = Debug|Any CPU
		{57513367-58A1-4ED0-884C-6CB662D1A040}.Debug|Any CPU.Build.0 = Debug|Any CPU
		{57513367-58A1-4ED0-884C-6CB662D1A040}.Release|Any CPU.ActiveCfg = Release|Any CPU
		{57513367-58A1-4ED0-884C-6CB662D1A040}.Release|Any CPU.Build.0 = Release|Any CPU
		{F9BFEADA-632C-4258-9408-B04B4EAC7933}.Debug|Any CPU.ActiveCfg = Debug|Any CPU
		{F9BFEADA-632C-4258-9408-B04B4EAC7933}.Debug|Any CPU.Build.0 = Debug|Any CPU
		{F9BFEADA-632C-4258-9408-B04B4EAC7933}.Release|Any CPU.ActiveCfg = Release|Any CPU
		{F9BFEADA-632C-4258-9408-B04B4EAC7933}.Release|Any CPU.Build.0 = Release|Any CPU
		{6A632B50-B514-4933-AC68-DC87011B6B83}.Debug|Any CPU.ActiveCfg = Debug|Any CPU
		{6A632B50-B514-4933-AC68-DC87011B6B83}.Debug|Any CPU.Build.0 = Debug|Any CPU
		{6A632B50-B514-4933-AC68-DC87011B6B83}.Release|Any CPU.ActiveCfg = Release|Any CPU
		{6A632B50-B514-4933-AC68-DC87011B6B83}.Release|Any CPU.Build.0 = Release|Any CPU
		{664E8B25-3D51-4FB1-9898-19457B900792}.Debug|Any CPU.ActiveCfg = Debug|Any CPU
		{664E8B25-3D51-4FB1-9898-19457B900792}.Debug|Any CPU.Build.0 = Debug|Any CPU
		{664E8B25-3D51-4FB1-9898-19457B900792}.Release|Any CPU.ActiveCfg = Release|Any CPU
		{664E8B25-3D51-4FB1-9898-19457B900792}.Release|Any CPU.Build.0 = Release|Any CPU
		{DCE93274-B771-41C9-B65B-0098FCC0DD4D}.Debug|Any CPU.ActiveCfg = Debug|Any CPU
		{DCE93274-B771-41C9-B65B-0098FCC0DD4D}.Debug|Any CPU.Build.0 = Debug|Any CPU
		{DCE93274-B771-41C9-B65B-0098FCC0DD4D}.Release|Any CPU.ActiveCfg = Release|Any CPU
		{DCE93274-B771-41C9-B65B-0098FCC0DD4D}.Release|Any CPU.Build.0 = Release|Any CPU
		{D133DC08-E8DE-4989-AAFF-0ABC03252F1D}.Debug|Any CPU.ActiveCfg = Debug|Any CPU
		{D133DC08-E8DE-4989-AAFF-0ABC03252F1D}.Debug|Any CPU.Build.0 = Debug|Any CPU
		{D133DC08-E8DE-4989-AAFF-0ABC03252F1D}.Release|Any CPU.ActiveCfg = Release|Any CPU
		{D133DC08-E8DE-4989-AAFF-0ABC03252F1D}.Release|Any CPU.Build.0 = Release|Any CPU
		{5DEAD37F-57B7-41B3-B2E3-11A01351D6BD}.Debug|Any CPU.ActiveCfg = Debug|Any CPU
		{5DEAD37F-57B7-41B3-B2E3-11A01351D6BD}.Debug|Any CPU.Build.0 = Debug|Any CPU
		{5DEAD37F-57B7-41B3-B2E3-11A01351D6BD}.Release|Any CPU.ActiveCfg = Release|Any CPU
		{5DEAD37F-57B7-41B3-B2E3-11A01351D6BD}.Release|Any CPU.Build.0 = Release|Any CPU
		{3A4C507E-9234-4EA4-9B98-1A742E5C5149}.Debug|Any CPU.ActiveCfg = Debug|Any CPU
		{3A4C507E-9234-4EA4-9B98-1A742E5C5149}.Debug|Any CPU.Build.0 = Debug|Any CPU
		{3A4C507E-9234-4EA4-9B98-1A742E5C5149}.Release|Any CPU.ActiveCfg = Release|Any CPU
		{3A4C507E-9234-4EA4-9B98-1A742E5C5149}.Release|Any CPU.Build.0 = Release|Any CPU
		{00F51209-F410-44BC-B46F-188F31231957}.Debug|Any CPU.ActiveCfg = Debug|Any CPU
		{00F51209-F410-44BC-B46F-188F31231957}.Debug|Any CPU.Build.0 = Debug|Any CPU
		{00F51209-F410-44BC-B46F-188F31231957}.Release|Any CPU.ActiveCfg = Release|Any CPU
		{00F51209-F410-44BC-B46F-188F31231957}.Release|Any CPU.Build.0 = Release|Any CPU
		{D6DDFAA8-9C89-4F66-8869-828123C80D3D}.Debug|Any CPU.ActiveCfg = Debug|Any CPU
		{D6DDFAA8-9C89-4F66-8869-828123C80D3D}.Debug|Any CPU.Build.0 = Debug|Any CPU
		{D6DDFAA8-9C89-4F66-8869-828123C80D3D}.Release|Any CPU.ActiveCfg = Release|Any CPU
		{D6DDFAA8-9C89-4F66-8869-828123C80D3D}.Release|Any CPU.Build.0 = Release|Any CPU
		{42252213-AFD4-45D4-AE66-0F2DE74AB647}.Debug|Any CPU.ActiveCfg = Debug|Any CPU
		{42252213-AFD4-45D4-AE66-0F2DE74AB647}.Debug|Any CPU.Build.0 = Debug|Any CPU
		{42252213-AFD4-45D4-AE66-0F2DE74AB647}.Release|Any CPU.ActiveCfg = Release|Any CPU
		{42252213-AFD4-45D4-AE66-0F2DE74AB647}.Release|Any CPU.Build.0 = Release|Any CPU
		{01EBF725-63FD-4D7A-A2CF-173A3F84D90E}.Debug|Any CPU.ActiveCfg = Debug|Any CPU
		{01EBF725-63FD-4D7A-A2CF-173A3F84D90E}.Debug|Any CPU.Build.0 = Debug|Any CPU
		{01EBF725-63FD-4D7A-A2CF-173A3F84D90E}.Release|Any CPU.ActiveCfg = Release|Any CPU
		{01EBF725-63FD-4D7A-A2CF-173A3F84D90E}.Release|Any CPU.Build.0 = Release|Any CPU
		{F94482EF-DA1F-48BF-954D-D7DF1DC39547}.Debug|Any CPU.ActiveCfg = Debug|Any CPU
		{F94482EF-DA1F-48BF-954D-D7DF1DC39547}.Debug|Any CPU.Build.0 = Debug|Any CPU
		{F94482EF-DA1F-48BF-954D-D7DF1DC39547}.Release|Any CPU.ActiveCfg = Release|Any CPU
		{F94482EF-DA1F-48BF-954D-D7DF1DC39547}.Release|Any CPU.Build.0 = Release|Any CPU
		{39D8CF5E-1B45-497B-B002-B76564113D9D}.Debug|Any CPU.ActiveCfg = Debug|Any CPU
		{39D8CF5E-1B45-497B-B002-B76564113D9D}.Debug|Any CPU.Build.0 = Debug|Any CPU
		{39D8CF5E-1B45-497B-B002-B76564113D9D}.Release|Any CPU.ActiveCfg = Release|Any CPU
		{39D8CF5E-1B45-497B-B002-B76564113D9D}.Release|Any CPU.Build.0 = Release|Any CPU
		{62D6F870-88E4-490C-855D-A8F9129EEB87}.Debug|Any CPU.ActiveCfg = Debug|Any CPU
		{62D6F870-88E4-490C-855D-A8F9129EEB87}.Debug|Any CPU.Build.0 = Debug|Any CPU
		{62D6F870-88E4-490C-855D-A8F9129EEB87}.Release|Any CPU.ActiveCfg = Release|Any CPU
		{62D6F870-88E4-490C-855D-A8F9129EEB87}.Release|Any CPU.Build.0 = Release|Any CPU
	EndGlobalSection
	GlobalSection(SolutionProperties) = preSolution
		HideSolutionNode = FALSE
	EndGlobalSection
	GlobalSection(NestedProjects) = preSolution
		{12C96F3F-E53F-458C-9AB0-ADE2D89CBDF4} = {3089A7C0-1386-45C8-969B-F17BC65ECC42}
		{17C1FD56-E654-41F1-B6A0-9AB4FD9AAB7C} = {3089A7C0-1386-45C8-969B-F17BC65ECC42}
		{A830A48D-DF66-4307-8E14-B1373FFE3E41} = {3089A7C0-1386-45C8-969B-F17BC65ECC42}
		{57513367-58A1-4ED0-884C-6CB662D1A040} = {55569515-09CF-43A5-857C-C56B1D4F87B9}
		{F9BFEADA-632C-4258-9408-B04B4EAC7933} = {55569515-09CF-43A5-857C-C56B1D4F87B9}
		{6A632B50-B514-4933-AC68-DC87011B6B83} = {55569515-09CF-43A5-857C-C56B1D4F87B9}
		{664E8B25-3D51-4FB1-9898-19457B900792} = {0F9FDA61-A210-4CDA-B8AC-446CF4EE3A9D}
		{DCE93274-B771-41C9-B65B-0098FCC0DD4D} = {0F9FDA61-A210-4CDA-B8AC-446CF4EE3A9D}
		{D133DC08-E8DE-4989-AAFF-0ABC03252F1D} = {0F9FDA61-A210-4CDA-B8AC-446CF4EE3A9D}
		{5DEAD37F-57B7-41B3-B2E3-11A01351D6BD} = {3B006B2B-59CC-43C4-B760-9529C091EB3A}
		{3A4C507E-9234-4EA4-9B98-1A742E5C5149} = {3B006B2B-59CC-43C4-B760-9529C091EB3A}
		{00F51209-F410-44BC-B46F-188F31231957} = {3B006B2B-59CC-43C4-B760-9529C091EB3A}
		{D6DDFAA8-9C89-4F66-8869-828123C80D3D} = {1A824063-395E-4C13-93A7-4B7185E9ADD0}
		{42252213-AFD4-45D4-AE66-0F2DE74AB647} = {1A824063-395E-4C13-93A7-4B7185E9ADD0}
		{01EBF725-63FD-4D7A-A2CF-173A3F84D90E} = {1A824063-395E-4C13-93A7-4B7185E9ADD0}
		{F94482EF-DA1F-48BF-954D-D7DF1DC39547} = {2FF62FFD-0C8F-49F8-9FBE-2F20259CFC7B}
		{39D8CF5E-1B45-497B-B002-B76564113D9D} = {2FF62FFD-0C8F-49F8-9FBE-2F20259CFC7B}
		{62D6F870-88E4-490C-855D-A8F9129EEB87} = {2FF62FFD-0C8F-49F8-9FBE-2F20259CFC7B}
	EndGlobalSection
	GlobalSection(ExtensibilityGlobals) = postSolution
		SolutionGuid = {DD196FB1-0D15-4111-9A46-F319E92E094D}
	EndGlobalSection
EndGlobal
